
Microsoft Visual Studio Solution File, Format Version 12.00
# Visual Studio Version 17
VisualStudioVersion = 17.8.34330.188
MinimumVisualStudioVersion = 10.0.40219.1
Project("{8BC9CEB8-8B4A-11D0-8D11-00A0C91BC942}") = "example_1", "example_1\example_1.vcxproj", "{EB687AD2-A2F8-4663-8EE3-5D7875F0F686}"
EndProject
Project("{8BC9CEB8-8B4A-11D0-8D11-00A0C91BC942}") = "example_2-1", "example_2-1\example_2-1.vcxproj", "{9B1FC112-72EE-49A2-9034-A97378364F63}"
EndProject
Project("{8BC9CEB8-8B4A-11D0-8D11-00A0C91BC942}") = "example_3-1", "example_3-1\example_3-1.vcxproj", "{1383F6CD-3FB3-44D3-9B78-571C722DCD6A}"
EndProject
Project("{8BC9CEB8-8B4A-11D0-8D11-00A0C91BC942}") = "example_4-01", "example_4-1\example_4-1.vcxproj", "{F26F0A30-46CA-4E1E-B88F-432F6EA88FFF}"
EndProject
Project("{8BC9CEB8-8B4A-11D0-8D11-00A0C91BC942}") = "example_4-02", "example_4-2\example_4-2.vcxproj", "{75394DE4-C36F-4347-A0CF-B198663C66FB}"
EndProject
Project("{8BC9CEB8-8B4A-11D0-8D11-00A0C91BC942}") = "example_4-03", "example_4-3\example_4-3.vcxproj", "{623276CA-E709-4E30-A6B6-905E2AD201AD}"
EndProject
Project("{8BC9CEB8-8B4A-11D0-8D11-00A0C91BC942}") = "example_4-04", "example_4-4\example_4-4.vcxproj", "{2E508E8B-A18E-4DB2-9547-0E9C0AC19DFA}"
EndProject
Project("{8BC9CEB8-8B4A-11D0-8D11-00A0C91BC942}") = "example_4-05", "example_4-5\example_4-5.vcxproj", "{907AFB5F-A9F3-4BFB-9026-7F3523B79198}"
EndProject
Project("{8BC9CEB8-8B4A-11D0-8D11-00A0C91BC942}") = "example_4-06", "example_4-6\example_4-6.vcxproj", "{B7EA212F-1AA9-4ED7-AEC9-E6BBA397BB3D}"
EndProject
Project("{8BC9CEB8-8B4A-11D0-8D11-00A0C91BC942}") = "example_4-07", "example_4-7\example_4-7.vcxproj", "{D441634D-A820-4264-84E5-90C2D81AE73A}"
EndProject
Project("{8BC9CEB8-8B4A-11D0-8D11-00A0C91BC942}") = "example_4-08", "example_4-8\example_4-8.vcxproj", "{E955B605-CA9A-43FF-9AC6-7D8F4873FF30}"
EndProject
Project("{8BC9CEB8-8B4A-11D0-8D11-00A0C91BC942}") = "example_4-09", "example_4-9\example_4-9.vcxproj", "{B195B98D-2C49-475E-9647-A1F7EED42774}"
EndProject
Project("{8BC9CEB8-8B4A-11D0-8D11-00A0C91BC942}") = "example_4-10", "example_4-10\example_4-10.vcxproj", "{BFAC0700-EFF8-42F1-A02D-753C66B18C83}"
EndProject
Project("{8BC9CEB8-8B4A-11D0-8D11-00A0C91BC942}") = "example_4-11", "example_4-11\example_4-11.vcxproj", "{38933AB5-D031-4EB0-92BB-69B4D9A12379}"
EndProject
Project("{8BC9CEB8-8B4A-11D0-8D11-00A0C91BC942}") = "example_4-12", "example_4-12\example_4-12.vcxproj", "{5651BA6A-113F-4A84-8A5B-46F02E74B241}"
EndProject
Project("{8BC9CEB8-8B4A-11D0-8D11-00A0C91BC942}") = "example_4-13", "example_4-13\example_4-13.vcxproj", "{18CF195A-F74B-4912-90D7-F0E80FB9193F}"
EndProject
Project("{8BC9CEB8-8B4A-11D0-8D11-00A0C91BC942}") = "example_4-14", "example_4-14\example_4-14.vcxproj", "{D5082079-B51E-4092-B367-25B2DF4B2EBC}"
EndProject
Project("{8BC9CEB8-8B4A-11D0-8D11-00A0C91BC942}") = "example_4-15", "example_4-15\example_4-15.vcxproj", "{750E40D1-F37B-4D64-9327-1DFDDBA9462C}"
EndProject
Project("{8BC9CEB8-8B4A-11D0-8D11-00A0C91BC942}") = "example_4-16", "example_4-16\example_4-16.vcxproj", "{235663EC-E283-4E98-A1D9-73DC0E70C429}"
EndProject
Project("{8BC9CEB8-8B4A-11D0-8D11-00A0C91BC942}") = "example_5-01", "example_5-1\example_5-1.vcxproj", "{DE039369-CFC0-4A4E-926B-48AC97CFC8F3}"
EndProject
Project("{8BC9CEB8-8B4A-11D0-8D11-00A0C91BC942}") = "example_5-02", "example_5-2\example_5-2.vcxproj", "{D29EF34E-D3D5-4385-8A93-31C35BB9F436}"
EndProject
Project("{8BC9CEB8-8B4A-11D0-8D11-00A0C91BC942}") = "example_5-03", "example_5-3\example_5-3.vcxproj", "{A81F0822-2E91-4314-8854-1F2EDDCE28A2}"
EndProject
Project("{8BC9CEB8-8B4A-11D0-8D11-00A0C91BC942}") = "example_5-04", "example_5-4\example_5-4.vcxproj", "{53F586A8-C457-45B5-B2BC-9A104E9C84E0}"
EndProject
Project("{8BC9CEB8-8B4A-11D0-8D11-00A0C91BC942}") = "example_5-05", "example_5-5\example_5-5.vcxproj", "{B3313F77-988B-457C-826B-0ADF67D2891F}"
EndProject
Project("{8BC9CEB8-8B4A-11D0-8D11-00A0C91BC942}") = "example_5-06", "example_5-6\example_5-6.vcxproj", "{9CA65D5F-34AF-4E3C-86DC-B92CBC7AEF23}"
EndProject
Project("{8BC9CEB8-8B4A-11D0-8D11-00A0C91BC942}") = "example_5-07", "example_5-7\example_5-7.vcxproj", "{A6A0C7C8-B086-4248-AF44-34DE4E7C62DB}"
EndProject
Project("{8BC9CEB8-8B4A-11D0-8D11-00A0C91BC942}") = "example_5-08", "example_5-8\example_5-8.vcxproj", "{8D010F78-6ADC-4331-B556-8677A7997A56}"
EndProject
Project("{8BC9CEB8-8B4A-11D0-8D11-00A0C91BC942}") = "example_5-09", "example_5-9\example_5-9.vcxproj", "{CD61ABF9-1C73-4757-8B7D-492F151A4642}"
EndProject
Project("{8BC9CEB8-8B4A-11D0-8D11-00A0C91BC942}") = "example_5-10", "example_5-10\example_5-10.vcxproj", "{F0710C65-D7B7-4A6F-8F7C-8EAF7C21B2A2}"
EndProject
Project("{8BC9CEB8-8B4A-11D0-8D11-00A0C91BC942}") = "example_5-11", "example_5-11\example_5-11.vcxproj", "{79AA801F-7B45-43D4-B28A-4B69721F4420}"
EndProject
Project("{8BC9CEB8-8B4A-11D0-8D11-00A0C91BC942}") = "example_5-12", "example_5-12\example_5-12.vcxproj", "{3679E3A6-9FA8-47F1-AB2E-D1615AA8D7CF}"
EndProject
Project("{8BC9CEB8-8B4A-11D0-8D11-00A0C91BC942}") = "example_5-13", "example_5-13\example_5-13.vcxproj", "{50D63166-860E-40B5-BF25-A09C5B69B8F6}"
EndProject
Project("{8BC9CEB8-8B4A-11D0-8D11-00A0C91BC942}") = "example_6-01", "example_6-1\example_6-1.vcxproj", "{53D0C5E8-1D11-4914-B220-A576000A1CDF}"
EndProject
Project("{8BC9CEB8-8B4A-11D0-8D11-00A0C91BC942}") = "example_6-02", "example_6-2\example_6-2.vcxproj", "{CE260194-DA99-4696-9D5F-F81E3606C39F}"
EndProject
Project("{8BC9CEB8-8B4A-11D0-8D11-00A0C91BC942}") = "example_6-03", "example_6-03\example_6-03.vcxproj", "{F568E66D-CC51-439C-8BD3-CDC1475D3173}"
EndProject
Project("{8BC9CEB8-8B4A-11D0-8D11-00A0C91BC942}") = "example_6-04", "example_6-04\example_6-04.vcxproj", "{D71BEE83-5E1B-4B05-92B1-2AF752302C65}"
EndProject
Project("{8BC9CEB8-8B4A-11D0-8D11-00A0C91BC942}") = "example_6-05", "example_6-5\example_6-5.vcxproj", "{56995FF9-2CD3-4AAA-81CA-8CF7F8DF065F}"
EndProject
Project("{8BC9CEB8-8B4A-11D0-8D11-00A0C91BC942}") = "example_6-06", "example_6-6\example_6-6.vcxproj", "{0672D37E-E82A-40AD-845B-78E9193BBC6C}"
EndProject
Project("{8BC9CEB8-8B4A-11D0-8D11-00A0C91BC942}") = "example_6-07", "example_6-7\example_6-7.vcxproj", "{7CC13CE2-446C-4031-B821-067549F53B27}"
EndProject
Project("{8BC9CEB8-8B4A-11D0-8D11-00A0C91BC942}") = "example_6-08", "example_6-08\example_6-08.vcxproj", "{7D092536-79A1-41A9-ABB7-0BB27A47004C}"
EndProject
Project("{8BC9CEB8-8B4A-11D0-8D11-00A0C91BC942}") = "example_6-09", "example_6-09\example_6-09.vcxproj", "{53E31FEE-86FE-4339-8F5F-15661B742442}"
EndProject
Project("{8BC9CEB8-8B4A-11D0-8D11-00A0C91BC942}") = "example_6-10", "example_6-10\example_6-10.vcxproj", "{BFB92FF1-CFD3-41C4-81BD-4A91F7B1EF5C}"
EndProject
Project("{8BC9CEB8-8B4A-11D0-8D11-00A0C91BC942}") = "example_6-11", "example_6-11\example_6-11.vcxproj", "{6ED793C9-D8FF-440E-A024-8CFF3A99C32C}"
EndProject
Project("{8BC9CEB8-8B4A-11D0-8D11-00A0C91BC942}") = "example_6-12", "example_6-12\example_6-12.vcxproj", "{7AE8D71E-B49B-4FD9-AFE5-6F2D770F9D2C}"
EndProject
Project("{8BC9CEB8-8B4A-11D0-8D11-00A0C91BC942}") = "example_6-13", "example_6-13\example_6-13.vcxproj", "{CA4FBFA7-5471-4732-A9C3-C848F6B77D71}"
EndProject
Project("{8BC9CEB8-8B4A-11D0-8D11-00A0C91BC942}") = "example_6-14", "example_6-14\example_6-14.vcxproj", "{7EE58794-F77F-4484-B4D2-E5354B09D35D}"
EndProject
Project("{8BC9CEB8-8B4A-11D0-8D11-00A0C91BC942}") = "example_6-15", "example_6-15\example_6-15.vcxproj", "{458472E7-F6D8-4F7F-A33F-DAA4134C2E83}"
EndProject
Project("{8BC9CEB8-8B4A-11D0-8D11-00A0C91BC942}") = "example_6-16", "example_6-16\example_6-16.vcxproj", "{FD7D1158-52F2-4629-B787-0BBDE7EC5083}"
EndProject
Project("{8BC9CEB8-8B4A-11D0-8D11-00A0C91BC942}") = "example_6-17", "example_6-17\example_6-17.vcxproj", "{70179365-9325-46E1-B420-823C5D080B64}"
EndProject
Project("{8BC9CEB8-8B4A-11D0-8D11-00A0C91BC942}") = "example_7-01", "example_7-1\example_7-1.vcxproj", "{1B96E063-5E8C-4184-B70D-962B0BBC11C0}"
EndProject
Project("{8BC9CEB8-8B4A-11D0-8D11-00A0C91BC942}") = "example_7-02", "example_7-2\example_7-2.vcxproj", "{4DDE66B2-7867-4560-8B13-C3464740C7D1}"
EndProject
Project("{8BC9CEB8-8B4A-11D0-8D11-00A0C91BC942}") = "example_7-03", "example_7-3\example_7-3.vcxproj", "{9AC1A583-E002-4843-9B07-85A02D47D2E7}"
EndProject
Project("{8BC9CEB8-8B4A-11D0-8D11-00A0C91BC942}") = "example_7-04", "example_7-4\example_7-4.vcxproj", "{F67C8BAF-7FC6-4F94-9B4B-512361530797}"
EndProject
Project("{8BC9CEB8-8B4A-11D0-8D11-00A0C91BC942}") = "example_7-05", "example_7-5\example_7-5.vcxproj", "{4D91764E-DD8B-4676-8AA6-754116589924}"
EndProject
Project("{8BC9CEB8-8B4A-11D0-8D11-00A0C91BC942}") = "example_7-06", "example_7-06\example_7-06.vcxproj", "{0E2005AE-AC57-4D8F-9D16-C86BCA1D3127}"
EndProject
Project("{8BC9CEB8-8B4A-11D0-8D11-00A0C91BC942}") = "example_7-07", "example_7-07\example_7-07.vcxproj", "{78C18C33-BD69-497D-8B59-C63F2DCF0F4E}"
EndProject
Project("{8BC9CEB8-8B4A-11D0-8D11-00A0C91BC942}") = "example_7-08", "example_7-08\example_7-08.vcxproj", "{7A3FA5D6-ABB3-43DB-8A35-B247DDA86596}"
EndProject
Project("{8BC9CEB8-8B4A-11D0-8D11-00A0C91BC942}") = "example_7-09", "example_7-09\example_7-09.vcxproj", "{AADF8049-40E5-461D-AAD0-4482A6A81D67}"
EndProject
Project("{8BC9CEB8-8B4A-11D0-8D11-00A0C91BC942}") = "example_7-10", "example_7-10\example_7-10.vcxproj", "{BB7042FF-9E3F-4239-96FE-D077E6F5352F}"
EndProject
Global
	GlobalSection(SolutionConfigurationPlatforms) = preSolution
		Debug|x64 = Debug|x64
		Debug|x86 = Debug|x86
		Release|x64 = Release|x64
		Release|x86 = Release|x86
	EndGlobalSection
	GlobalSection(ProjectConfigurationPlatforms) = postSolution
		{EB687AD2-A2F8-4663-8EE3-5D7875F0F686}.Debug|x64.ActiveCfg = Debug|x64
		{EB687AD2-A2F8-4663-8EE3-5D7875F0F686}.Debug|x64.Build.0 = Debug|x64
		{EB687AD2-A2F8-4663-8EE3-5D7875F0F686}.Debug|x86.ActiveCfg = Debug|Win32
		{EB687AD2-A2F8-4663-8EE3-5D7875F0F686}.Debug|x86.Build.0 = Debug|Win32
		{EB687AD2-A2F8-4663-8EE3-5D7875F0F686}.Release|x64.ActiveCfg = Release|x64
		{EB687AD2-A2F8-4663-8EE3-5D7875F0F686}.Release|x64.Build.0 = Release|x64
		{EB687AD2-A2F8-4663-8EE3-5D7875F0F686}.Release|x86.ActiveCfg = Release|Win32
		{EB687AD2-A2F8-4663-8EE3-5D7875F0F686}.Release|x86.Build.0 = Release|Win32
		{9B1FC112-72EE-49A2-9034-A97378364F63}.Debug|x64.ActiveCfg = Debug|x64
		{9B1FC112-72EE-49A2-9034-A97378364F63}.Debug|x64.Build.0 = Debug|x64
		{9B1FC112-72EE-49A2-9034-A97378364F63}.Debug|x86.ActiveCfg = Debug|Win32
		{9B1FC112-72EE-49A2-9034-A97378364F63}.Debug|x86.Build.0 = Debug|Win32
		{9B1FC112-72EE-49A2-9034-A97378364F63}.Release|x64.ActiveCfg = Release|x64
		{9B1FC112-72EE-49A2-9034-A97378364F63}.Release|x64.Build.0 = Release|x64
		{9B1FC112-72EE-49A2-9034-A97378364F63}.Release|x86.ActiveCfg = Release|Win32
		{9B1FC112-72EE-49A2-9034-A97378364F63}.Release|x86.Build.0 = Release|Win32
		{1383F6CD-3FB3-44D3-9B78-571C722DCD6A}.Debug|x64.ActiveCfg = Debug|x64
		{1383F6CD-3FB3-44D3-9B78-571C722DCD6A}.Debug|x64.Build.0 = Debug|x64
		{1383F6CD-3FB3-44D3-9B78-571C722DCD6A}.Debug|x86.ActiveCfg = Debug|Win32
		{1383F6CD-3FB3-44D3-9B78-571C722DCD6A}.Debug|x86.Build.0 = Debug|Win32
		{1383F6CD-3FB3-44D3-9B78-571C722DCD6A}.Release|x64.ActiveCfg = Release|x64
		{1383F6CD-3FB3-44D3-9B78-571C722DCD6A}.Release|x64.Build.0 = Release|x64
		{1383F6CD-3FB3-44D3-9B78-571C722DCD6A}.Release|x86.ActiveCfg = Release|Win32
		{1383F6CD-3FB3-44D3-9B78-571C722DCD6A}.Release|x86.Build.0 = Release|Win32
		{F26F0A30-46CA-4E1E-B88F-432F6EA88FFF}.Debug|x64.ActiveCfg = Debug|x64
		{F26F0A30-46CA-4E1E-B88F-432F6EA88FFF}.Debug|x64.Build.0 = Debug|x64
		{F26F0A30-46CA-4E1E-B88F-432F6EA88FFF}.Debug|x86.ActiveCfg = Debug|Win32
		{F26F0A30-46CA-4E1E-B88F-432F6EA88FFF}.Debug|x86.Build.0 = Debug|Win32
		{F26F0A30-46CA-4E1E-B88F-432F6EA88FFF}.Release|x64.ActiveCfg = Release|x64
		{F26F0A30-46CA-4E1E-B88F-432F6EA88FFF}.Release|x64.Build.0 = Release|x64
		{F26F0A30-46CA-4E1E-B88F-432F6EA88FFF}.Release|x86.ActiveCfg = Release|Win32
		{F26F0A30-46CA-4E1E-B88F-432F6EA88FFF}.Release|x86.Build.0 = Release|Win32
		{75394DE4-C36F-4347-A0CF-B198663C66FB}.Debug|x64.ActiveCfg = Debug|x64
		{75394DE4-C36F-4347-A0CF-B198663C66FB}.Debug|x64.Build.0 = Debug|x64
		{75394DE4-C36F-4347-A0CF-B198663C66FB}.Debug|x86.ActiveCfg = Debug|Win32
		{75394DE4-C36F-4347-A0CF-B198663C66FB}.Debug|x86.Build.0 = Debug|Win32
		{75394DE4-C36F-4347-A0CF-B198663C66FB}.Release|x64.ActiveCfg = Release|x64
		{75394DE4-C36F-4347-A0CF-B198663C66FB}.Release|x64.Build.0 = Release|x64
		{75394DE4-C36F-4347-A0CF-B198663C66FB}.Release|x86.ActiveCfg = Release|Win32
		{75394DE4-C36F-4347-A0CF-B198663C66FB}.Release|x86.Build.0 = Release|Win32
		{623276CA-E709-4E30-A6B6-905E2AD201AD}.Debug|x64.ActiveCfg = Debug|x64
		{623276CA-E709-4E30-A6B6-905E2AD201AD}.Debug|x64.Build.0 = Debug|x64
		{623276CA-E709-4E30-A6B6-905E2AD201AD}.Debug|x86.ActiveCfg = Debug|Win32
		{623276CA-E709-4E30-A6B6-905E2AD201AD}.Debug|x86.Build.0 = Debug|Win32
		{623276CA-E709-4E30-A6B6-905E2AD201AD}.Release|x64.ActiveCfg = Release|x64
		{623276CA-E709-4E30-A6B6-905E2AD201AD}.Release|x64.Build.0 = Release|x64
		{623276CA-E709-4E30-A6B6-905E2AD201AD}.Release|x86.ActiveCfg = Release|Win32
		{623276CA-E709-4E30-A6B6-905E2AD201AD}.Release|x86.Build.0 = Release|Win32
		{2E508E8B-A18E-4DB2-9547-0E9C0AC19DFA}.Debug|x64.ActiveCfg = Debug|x64
		{2E508E8B-A18E-4DB2-9547-0E9C0AC19DFA}.Debug|x64.Build.0 = Debug|x64
		{2E508E8B-A18E-4DB2-9547-0E9C0AC19DFA}.Debug|x86.ActiveCfg = Debug|Win32
		{2E508E8B-A18E-4DB2-9547-0E9C0AC19DFA}.Debug|x86.Build.0 = Debug|Win32
		{2E508E8B-A18E-4DB2-9547-0E9C0AC19DFA}.Release|x64.ActiveCfg = Release|x64
		{2E508E8B-A18E-4DB2-9547-0E9C0AC19DFA}.Release|x64.Build.0 = Release|x64
		{2E508E8B-A18E-4DB2-9547-0E9C0AC19DFA}.Release|x86.ActiveCfg = Release|Win32
		{2E508E8B-A18E-4DB2-9547-0E9C0AC19DFA}.Release|x86.Build.0 = Release|Win32
		{907AFB5F-A9F3-4BFB-9026-7F3523B79198}.Debug|x64.ActiveCfg = Debug|x64
		{907AFB5F-A9F3-4BFB-9026-7F3523B79198}.Debug|x64.Build.0 = Debug|x64
		{907AFB5F-A9F3-4BFB-9026-7F3523B79198}.Debug|x86.ActiveCfg = Debug|Win32
		{907AFB5F-A9F3-4BFB-9026-7F3523B79198}.Debug|x86.Build.0 = Debug|Win32
		{907AFB5F-A9F3-4BFB-9026-7F3523B79198}.Release|x64.ActiveCfg = Release|x64
		{907AFB5F-A9F3-4BFB-9026-7F3523B79198}.Release|x64.Build.0 = Release|x64
		{907AFB5F-A9F3-4BFB-9026-7F3523B79198}.Release|x86.ActiveCfg = Release|Win32
		{907AFB5F-A9F3-4BFB-9026-7F3523B79198}.Release|x86.Build.0 = Release|Win32
		{B7EA212F-1AA9-4ED7-AEC9-E6BBA397BB3D}.Debug|x64.ActiveCfg = Debug|x64
		{B7EA212F-1AA9-4ED7-AEC9-E6BBA397BB3D}.Debug|x64.Build.0 = Debug|x64
		{B7EA212F-1AA9-4ED7-AEC9-E6BBA397BB3D}.Debug|x86.ActiveCfg = Debug|Win32
		{B7EA212F-1AA9-4ED7-AEC9-E6BBA397BB3D}.Debug|x86.Build.0 = Debug|Win32
		{B7EA212F-1AA9-4ED7-AEC9-E6BBA397BB3D}.Release|x64.ActiveCfg = Release|x64
		{B7EA212F-1AA9-4ED7-AEC9-E6BBA397BB3D}.Release|x64.Build.0 = Release|x64
		{B7EA212F-1AA9-4ED7-AEC9-E6BBA397BB3D}.Release|x86.ActiveCfg = Release|Win32
		{B7EA212F-1AA9-4ED7-AEC9-E6BBA397BB3D}.Release|x86.Build.0 = Release|Win32
		{D441634D-A820-4264-84E5-90C2D81AE73A}.Debug|x64.ActiveCfg = Debug|x64
		{D441634D-A820-4264-84E5-90C2D81AE73A}.Debug|x64.Build.0 = Debug|x64
		{D441634D-A820-4264-84E5-90C2D81AE73A}.Debug|x86.ActiveCfg = Debug|Win32
		{D441634D-A820-4264-84E5-90C2D81AE73A}.Debug|x86.Build.0 = Debug|Win32
		{D441634D-A820-4264-84E5-90C2D81AE73A}.Release|x64.ActiveCfg = Release|x64
		{D441634D-A820-4264-84E5-90C2D81AE73A}.Release|x64.Build.0 = Release|x64
		{D441634D-A820-4264-84E5-90C2D81AE73A}.Release|x86.ActiveCfg = Release|Win32
		{D441634D-A820-4264-84E5-90C2D81AE73A}.Release|x86.Build.0 = Release|Win32
		{E955B605-CA9A-43FF-9AC6-7D8F4873FF30}.Debug|x64.ActiveCfg = Debug|x64
		{E955B605-CA9A-43FF-9AC6-7D8F4873FF30}.Debug|x64.Build.0 = Debug|x64
		{E955B605-CA9A-43FF-9AC6-7D8F4873FF30}.Debug|x86.ActiveCfg = Debug|Win32
		{E955B605-CA9A-43FF-9AC6-7D8F4873FF30}.Debug|x86.Build.0 = Debug|Win32
		{E955B605-CA9A-43FF-9AC6-7D8F4873FF30}.Release|x64.ActiveCfg = Release|x64
		{E955B605-CA9A-43FF-9AC6-7D8F4873FF30}.Release|x64.Build.0 = Release|x64
		{E955B605-CA9A-43FF-9AC6-7D8F4873FF30}.Release|x86.ActiveCfg = Release|Win32
		{E955B605-CA9A-43FF-9AC6-7D8F4873FF30}.Release|x86.Build.0 = Release|Win32
		{B195B98D-2C49-475E-9647-A1F7EED42774}.Debug|x64.ActiveCfg = Debug|x64
		{B195B98D-2C49-475E-9647-A1F7EED42774}.Debug|x64.Build.0 = Debug|x64
		{B195B98D-2C49-475E-9647-A1F7EED42774}.Debug|x86.ActiveCfg = Debug|Win32
		{B195B98D-2C49-475E-9647-A1F7EED42774}.Debug|x86.Build.0 = Debug|Win32
		{B195B98D-2C49-475E-9647-A1F7EED42774}.Release|x64.ActiveCfg = Release|x64
		{B195B98D-2C49-475E-9647-A1F7EED42774}.Release|x64.Build.0 = Release|x64
		{B195B98D-2C49-475E-9647-A1F7EED42774}.Release|x86.ActiveCfg = Release|Win32
		{B195B98D-2C49-475E-9647-A1F7EED42774}.Release|x86.Build.0 = Release|Win32
		{BFAC0700-EFF8-42F1-A02D-753C66B18C83}.Debug|x64.ActiveCfg = Debug|x64
		{BFAC0700-EFF8-42F1-A02D-753C66B18C83}.Debug|x64.Build.0 = Debug|x64
		{BFAC0700-EFF8-42F1-A02D-753C66B18C83}.Debug|x86.ActiveCfg = Debug|Win32
		{BFAC0700-EFF8-42F1-A02D-753C66B18C83}.Debug|x86.Build.0 = Debug|Win32
		{BFAC0700-EFF8-42F1-A02D-753C66B18C83}.Release|x64.ActiveCfg = Release|x64
		{BFAC0700-EFF8-42F1-A02D-753C66B18C83}.Release|x64.Build.0 = Release|x64
		{BFAC0700-EFF8-42F1-A02D-753C66B18C83}.Release|x86.ActiveCfg = Release|Win32
		{BFAC0700-EFF8-42F1-A02D-753C66B18C83}.Release|x86.Build.0 = Release|Win32
		{38933AB5-D031-4EB0-92BB-69B4D9A12379}.Debug|x64.ActiveCfg = Debug|x64
		{38933AB5-D031-4EB0-92BB-69B4D9A12379}.Debug|x64.Build.0 = Debug|x64
		{38933AB5-D031-4EB0-92BB-69B4D9A12379}.Debug|x86.ActiveCfg = Debug|Win32
		{38933AB5-D031-4EB0-92BB-69B4D9A12379}.Debug|x86.Build.0 = Debug|Win32
		{38933AB5-D031-4EB0-92BB-69B4D9A12379}.Release|x64.ActiveCfg = Release|x64
		{38933AB5-D031-4EB0-92BB-69B4D9A12379}.Release|x64.Build.0 = Release|x64
		{38933AB5-D031-4EB0-92BB-69B4D9A12379}.Release|x86.ActiveCfg = Release|Win32
		{38933AB5-D031-4EB0-92BB-69B4D9A12379}.Release|x86.Build.0 = Release|Win32
		{5651BA6A-113F-4A84-8A5B-46F02E74B241}.Debug|x64.ActiveCfg = Debug|x64
		{5651BA6A-113F-4A84-8A5B-46F02E74B241}.Debug|x64.Build.0 = Debug|x64
		{5651BA6A-113F-4A84-8A5B-46F02E74B241}.Debug|x86.ActiveCfg = Debug|Win32
		{5651BA6A-113F-4A84-8A5B-46F02E74B241}.Debug|x86.Build.0 = Debug|Win32
		{5651BA6A-113F-4A84-8A5B-46F02E74B241}.Release|x64.ActiveCfg = Release|x64
		{5651BA6A-113F-4A84-8A5B-46F02E74B241}.Release|x64.Build.0 = Release|x64
		{5651BA6A-113F-4A84-8A5B-46F02E74B241}.Release|x86.ActiveCfg = Release|Win32
		{5651BA6A-113F-4A84-8A5B-46F02E74B241}.Release|x86.Build.0 = Release|Win32
		{18CF195A-F74B-4912-90D7-F0E80FB9193F}.Debug|x64.ActiveCfg = Debug|x64
		{18CF195A-F74B-4912-90D7-F0E80FB9193F}.Debug|x64.Build.0 = Debug|x64
		{18CF195A-F74B-4912-90D7-F0E80FB9193F}.Debug|x86.ActiveCfg = Debug|Win32
		{18CF195A-F74B-4912-90D7-F0E80FB9193F}.Debug|x86.Build.0 = Debug|Win32
		{18CF195A-F74B-4912-90D7-F0E80FB9193F}.Release|x64.ActiveCfg = Release|x64
		{18CF195A-F74B-4912-90D7-F0E80FB9193F}.Release|x64.Build.0 = Release|x64
		{18CF195A-F74B-4912-90D7-F0E80FB9193F}.Release|x86.ActiveCfg = Release|Win32
		{18CF195A-F74B-4912-90D7-F0E80FB9193F}.Release|x86.Build.0 = Release|Win32
		{D5082079-B51E-4092-B367-25B2DF4B2EBC}.Debug|x64.ActiveCfg = Debug|x64
		{D5082079-B51E-4092-B367-25B2DF4B2EBC}.Debug|x64.Build.0 = Debug|x64
		{D5082079-B51E-4092-B367-25B2DF4B2EBC}.Debug|x86.ActiveCfg = Debug|Win32
		{D5082079-B51E-4092-B367-25B2DF4B2EBC}.Debug|x86.Build.0 = Debug|Win32
		{D5082079-B51E-4092-B367-25B2DF4B2EBC}.Release|x64.ActiveCfg = Release|x64
		{D5082079-B51E-4092-B367-25B2DF4B2EBC}.Release|x64.Build.0 = Release|x64
		{D5082079-B51E-4092-B367-25B2DF4B2EBC}.Release|x86.ActiveCfg = Release|Win32
		{D5082079-B51E-4092-B367-25B2DF4B2EBC}.Release|x86.Build.0 = Release|Win32
		{750E40D1-F37B-4D64-9327-1DFDDBA9462C}.Debug|x64.ActiveCfg = Debug|x64
		{750E40D1-F37B-4D64-9327-1DFDDBA9462C}.Debug|x64.Build.0 = Debug|x64
		{750E40D1-F37B-4D64-9327-1DFDDBA9462C}.Debug|x86.ActiveCfg = Debug|Win32
		{750E40D1-F37B-4D64-9327-1DFDDBA9462C}.Debug|x86.Build.0 = Debug|Win32
		{750E40D1-F37B-4D64-9327-1DFDDBA9462C}.Release|x64.ActiveCfg = Release|x64
		{750E40D1-F37B-4D64-9327-1DFDDBA9462C}.Release|x64.Build.0 = Release|x64
		{750E40D1-F37B-4D64-9327-1DFDDBA9462C}.Release|x86.ActiveCfg = Release|Win32
		{750E40D1-F37B-4D64-9327-1DFDDBA9462C}.Release|x86.Build.0 = Release|Win32
		{235663EC-E283-4E98-A1D9-73DC0E70C429}.Debug|x64.ActiveCfg = Debug|x64
		{235663EC-E283-4E98-A1D9-73DC0E70C429}.Debug|x64.Build.0 = Debug|x64
		{235663EC-E283-4E98-A1D9-73DC0E70C429}.Debug|x86.ActiveCfg = Debug|Win32
		{235663EC-E283-4E98-A1D9-73DC0E70C429}.Debug|x86.Build.0 = Debug|Win32
		{235663EC-E283-4E98-A1D9-73DC0E70C429}.Release|x64.ActiveCfg = Release|x64
		{235663EC-E283-4E98-A1D9-73DC0E70C429}.Release|x64.Build.0 = Release|x64
		{235663EC-E283-4E98-A1D9-73DC0E70C429}.Release|x86.ActiveCfg = Release|Win32
		{235663EC-E283-4E98-A1D9-73DC0E70C429}.Release|x86.Build.0 = Release|Win32
		{DE039369-CFC0-4A4E-926B-48AC97CFC8F3}.Debug|x64.ActiveCfg = Debug|x64
		{DE039369-CFC0-4A4E-926B-48AC97CFC8F3}.Debug|x64.Build.0 = Debug|x64
		{DE039369-CFC0-4A4E-926B-48AC97CFC8F3}.Debug|x86.ActiveCfg = Debug|Win32
		{DE039369-CFC0-4A4E-926B-48AC97CFC8F3}.Debug|x86.Build.0 = Debug|Win32
		{DE039369-CFC0-4A4E-926B-48AC97CFC8F3}.Release|x64.ActiveCfg = Release|x64
		{DE039369-CFC0-4A4E-926B-48AC97CFC8F3}.Release|x64.Build.0 = Release|x64
		{DE039369-CFC0-4A4E-926B-48AC97CFC8F3}.Release|x86.ActiveCfg = Release|Win32
		{DE039369-CFC0-4A4E-926B-48AC97CFC8F3}.Release|x86.Build.0 = Release|Win32
		{D29EF34E-D3D5-4385-8A93-31C35BB9F436}.Debug|x64.ActiveCfg = Debug|x64
		{D29EF34E-D3D5-4385-8A93-31C35BB9F436}.Debug|x64.Build.0 = Debug|x64
		{D29EF34E-D3D5-4385-8A93-31C35BB9F436}.Debug|x86.ActiveCfg = Debug|Win32
		{D29EF34E-D3D5-4385-8A93-31C35BB9F436}.Debug|x86.Build.0 = Debug|Win32
		{D29EF34E-D3D5-4385-8A93-31C35BB9F436}.Release|x64.ActiveCfg = Release|x64
		{D29EF34E-D3D5-4385-8A93-31C35BB9F436}.Release|x64.Build.0 = Release|x64
		{D29EF34E-D3D5-4385-8A93-31C35BB9F436}.Release|x86.ActiveCfg = Release|Win32
		{D29EF34E-D3D5-4385-8A93-31C35BB9F436}.Release|x86.Build.0 = Release|Win32
		{A81F0822-2E91-4314-8854-1F2EDDCE28A2}.Debug|x64.ActiveCfg = Debug|x64
		{A81F0822-2E91-4314-8854-1F2EDDCE28A2}.Debug|x64.Build.0 = Debug|x64
		{A81F0822-2E91-4314-8854-1F2EDDCE28A2}.Debug|x86.ActiveCfg = Debug|Win32
		{A81F0822-2E91-4314-8854-1F2EDDCE28A2}.Debug|x86.Build.0 = Debug|Win32
		{A81F0822-2E91-4314-8854-1F2EDDCE28A2}.Release|x64.ActiveCfg = Release|x64
		{A81F0822-2E91-4314-8854-1F2EDDCE28A2}.Release|x64.Build.0 = Release|x64
		{A81F0822-2E91-4314-8854-1F2EDDCE28A2}.Release|x86.ActiveCfg = Release|Win32
		{A81F0822-2E91-4314-8854-1F2EDDCE28A2}.Release|x86.Build.0 = Release|Win32
		{53F586A8-C457-45B5-B2BC-9A104E9C84E0}.Debug|x64.ActiveCfg = Debug|x64
		{53F586A8-C457-45B5-B2BC-9A104E9C84E0}.Debug|x64.Build.0 = Debug|x64
		{53F586A8-C457-45B5-B2BC-9A104E9C84E0}.Debug|x86.ActiveCfg = Debug|Win32
		{53F586A8-C457-45B5-B2BC-9A104E9C84E0}.Debug|x86.Build.0 = Debug|Win32
		{53F586A8-C457-45B5-B2BC-9A104E9C84E0}.Release|x64.ActiveCfg = Release|x64
		{53F586A8-C457-45B5-B2BC-9A104E9C84E0}.Release|x64.Build.0 = Release|x64
		{53F586A8-C457-45B5-B2BC-9A104E9C84E0}.Release|x86.ActiveCfg = Release|Win32
		{53F586A8-C457-45B5-B2BC-9A104E9C84E0}.Release|x86.Build.0 = Release|Win32
		{B3313F77-988B-457C-826B-0ADF67D2891F}.Debug|x64.ActiveCfg = Debug|x64
		{B3313F77-988B-457C-826B-0ADF67D2891F}.Debug|x64.Build.0 = Debug|x64
		{B3313F77-988B-457C-826B-0ADF67D2891F}.Debug|x86.ActiveCfg = Debug|Win32
		{B3313F77-988B-457C-826B-0ADF67D2891F}.Debug|x86.Build.0 = Debug|Win32
		{B3313F77-988B-457C-826B-0ADF67D2891F}.Release|x64.ActiveCfg = Release|x64
		{B3313F77-988B-457C-826B-0ADF67D2891F}.Release|x64.Build.0 = Release|x64
		{B3313F77-988B-457C-826B-0ADF67D2891F}.Release|x86.ActiveCfg = Release|Win32
		{B3313F77-988B-457C-826B-0ADF67D2891F}.Release|x86.Build.0 = Release|Win32
		{9CA65D5F-34AF-4E3C-86DC-B92CBC7AEF23}.Debug|x64.ActiveCfg = Debug|x64
		{9CA65D5F-34AF-4E3C-86DC-B92CBC7AEF23}.Debug|x64.Build.0 = Debug|x64
		{9CA65D5F-34AF-4E3C-86DC-B92CBC7AEF23}.Debug|x86.ActiveCfg = Debug|Win32
		{9CA65D5F-34AF-4E3C-86DC-B92CBC7AEF23}.Debug|x86.Build.0 = Debug|Win32
		{9CA65D5F-34AF-4E3C-86DC-B92CBC7AEF23}.Release|x64.ActiveCfg = Release|x64
		{9CA65D5F-34AF-4E3C-86DC-B92CBC7AEF23}.Release|x64.Build.0 = Release|x64
		{9CA65D5F-34AF-4E3C-86DC-B92CBC7AEF23}.Release|x86.ActiveCfg = Release|Win32
		{9CA65D5F-34AF-4E3C-86DC-B92CBC7AEF23}.Release|x86.Build.0 = Release|Win32
		{A6A0C7C8-B086-4248-AF44-34DE4E7C62DB}.Debug|x64.ActiveCfg = Debug|x64
		{A6A0C7C8-B086-4248-AF44-34DE4E7C62DB}.Debug|x64.Build.0 = Debug|x64
		{A6A0C7C8-B086-4248-AF44-34DE4E7C62DB}.Debug|x86.ActiveCfg = Debug|Win32
		{A6A0C7C8-B086-4248-AF44-34DE4E7C62DB}.Debug|x86.Build.0 = Debug|Win32
		{A6A0C7C8-B086-4248-AF44-34DE4E7C62DB}.Release|x64.ActiveCfg = Release|x64
		{A6A0C7C8-B086-4248-AF44-34DE4E7C62DB}.Release|x64.Build.0 = Release|x64
		{A6A0C7C8-B086-4248-AF44-34DE4E7C62DB}.Release|x86.ActiveCfg = Release|Win32
		{A6A0C7C8-B086-4248-AF44-34DE4E7C62DB}.Release|x86.Build.0 = Release|Win32
		{8D010F78-6ADC-4331-B556-8677A7997A56}.Debug|x64.ActiveCfg = Debug|x64
		{8D010F78-6ADC-4331-B556-8677A7997A56}.Debug|x64.Build.0 = Debug|x64
		{8D010F78-6ADC-4331-B556-8677A7997A56}.Debug|x86.ActiveCfg = Debug|Win32
		{8D010F78-6ADC-4331-B556-8677A7997A56}.Debug|x86.Build.0 = Debug|Win32
		{8D010F78-6ADC-4331-B556-8677A7997A56}.Release|x64.ActiveCfg = Release|x64
		{8D010F78-6ADC-4331-B556-8677A7997A56}.Release|x64.Build.0 = Release|x64
		{8D010F78-6ADC-4331-B556-8677A7997A56}.Release|x86.ActiveCfg = Release|Win32
		{8D010F78-6ADC-4331-B556-8677A7997A56}.Release|x86.Build.0 = Release|Win32
		{CD61ABF9-1C73-4757-8B7D-492F151A4642}.Debug|x64.ActiveCfg = Debug|x64
		{CD61ABF9-1C73-4757-8B7D-492F151A4642}.Debug|x64.Build.0 = Debug|x64
		{CD61ABF9-1C73-4757-8B7D-492F151A4642}.Debug|x86.ActiveCfg = Debug|Win32
		{CD61ABF9-1C73-4757-8B7D-492F151A4642}.Debug|x86.Build.0 = Debug|Win32
		{CD61ABF9-1C73-4757-8B7D-492F151A4642}.Release|x64.ActiveCfg = Release|x64
		{CD61ABF9-1C73-4757-8B7D-492F151A4642}.Release|x64.Build.0 = Release|x64
		{CD61ABF9-1C73-4757-8B7D-492F151A4642}.Release|x86.ActiveCfg = Release|Win32
		{CD61ABF9-1C73-4757-8B7D-492F151A4642}.Release|x86.Build.0 = Release|Win32
		{F0710C65-D7B7-4A6F-8F7C-8EAF7C21B2A2}.Debug|x64.ActiveCfg = Debug|x64
		{F0710C65-D7B7-4A6F-8F7C-8EAF7C21B2A2}.Debug|x64.Build.0 = Debug|x64
		{F0710C65-D7B7-4A6F-8F7C-8EAF7C21B2A2}.Debug|x86.ActiveCfg = Debug|Win32
		{F0710C65-D7B7-4A6F-8F7C-8EAF7C21B2A2}.Debug|x86.Build.0 = Debug|Win32
		{F0710C65-D7B7-4A6F-8F7C-8EAF7C21B2A2}.Release|x64.ActiveCfg = Release|x64
		{F0710C65-D7B7-4A6F-8F7C-8EAF7C21B2A2}.Release|x64.Build.0 = Release|x64
		{F0710C65-D7B7-4A6F-8F7C-8EAF7C21B2A2}.Release|x86.ActiveCfg = Release|Win32
		{F0710C65-D7B7-4A6F-8F7C-8EAF7C21B2A2}.Release|x86.Build.0 = Release|Win32
		{79AA801F-7B45-43D4-B28A-4B69721F4420}.Debug|x64.ActiveCfg = Debug|x64
		{79AA801F-7B45-43D4-B28A-4B69721F4420}.Debug|x64.Build.0 = Debug|x64
		{79AA801F-7B45-43D4-B28A-4B69721F4420}.Debug|x86.ActiveCfg = Debug|Win32
		{79AA801F-7B45-43D4-B28A-4B69721F4420}.Debug|x86.Build.0 = Debug|Win32
		{79AA801F-7B45-43D4-B28A-4B69721F4420}.Release|x64.ActiveCfg = Release|x64
		{79AA801F-7B45-43D4-B28A-4B69721F4420}.Release|x64.Build.0 = Release|x64
		{79AA801F-7B45-43D4-B28A-4B69721F4420}.Release|x86.ActiveCfg = Release|Win32
		{79AA801F-7B45-43D4-B28A-4B69721F4420}.Release|x86.Build.0 = Release|Win32
		{3679E3A6-9FA8-47F1-AB2E-D1615AA8D7CF}.Debug|x64.ActiveCfg = Debug|x64
		{3679E3A6-9FA8-47F1-AB2E-D1615AA8D7CF}.Debug|x64.Build.0 = Debug|x64
		{3679E3A6-9FA8-47F1-AB2E-D1615AA8D7CF}.Debug|x86.ActiveCfg = Debug|Win32
		{3679E3A6-9FA8-47F1-AB2E-D1615AA8D7CF}.Debug|x86.Build.0 = Debug|Win32
		{3679E3A6-9FA8-47F1-AB2E-D1615AA8D7CF}.Release|x64.ActiveCfg = Release|x64
		{3679E3A6-9FA8-47F1-AB2E-D1615AA8D7CF}.Release|x64.Build.0 = Release|x64
		{3679E3A6-9FA8-47F1-AB2E-D1615AA8D7CF}.Release|x86.ActiveCfg = Release|Win32
		{3679E3A6-9FA8-47F1-AB2E-D1615AA8D7CF}.Release|x86.Build.0 = Release|Win32
		{50D63166-860E-40B5-BF25-A09C5B69B8F6}.Debug|x64.ActiveCfg = Debug|x64
		{50D63166-860E-40B5-BF25-A09C5B69B8F6}.Debug|x64.Build.0 = Debug|x64
		{50D63166-860E-40B5-BF25-A09C5B69B8F6}.Debug|x86.ActiveCfg = Debug|Win32
		{50D63166-860E-40B5-BF25-A09C5B69B8F6}.Debug|x86.Build.0 = Debug|Win32
		{50D63166-860E-40B5-BF25-A09C5B69B8F6}.Release|x64.ActiveCfg = Release|x64
		{50D63166-860E-40B5-BF25-A09C5B69B8F6}.Release|x64.Build.0 = Release|x64
		{50D63166-860E-40B5-BF25-A09C5B69B8F6}.Release|x86.ActiveCfg = Release|Win32
		{50D63166-860E-40B5-BF25-A09C5B69B8F6}.Release|x86.Build.0 = Release|Win32
		{53D0C5E8-1D11-4914-B220-A576000A1CDF}.Debug|x64.ActiveCfg = Debug|x64
		{53D0C5E8-1D11-4914-B220-A576000A1CDF}.Debug|x64.Build.0 = Debug|x64
		{53D0C5E8-1D11-4914-B220-A576000A1CDF}.Debug|x86.ActiveCfg = Debug|Win32
		{53D0C5E8-1D11-4914-B220-A576000A1CDF}.Debug|x86.Build.0 = Debug|Win32
		{53D0C5E8-1D11-4914-B220-A576000A1CDF}.Release|x64.ActiveCfg = Release|x64
		{53D0C5E8-1D11-4914-B220-A576000A1CDF}.Release|x64.Build.0 = Release|x64
		{53D0C5E8-1D11-4914-B220-A576000A1CDF}.Release|x86.ActiveCfg = Release|Win32
		{53D0C5E8-1D11-4914-B220-A576000A1CDF}.Release|x86.Build.0 = Release|Win32
		{CE260194-DA99-4696-9D5F-F81E3606C39F}.Debug|x64.ActiveCfg = Debug|x64
		{CE260194-DA99-4696-9D5F-F81E3606C39F}.Debug|x64.Build.0 = Debug|x64
		{CE260194-DA99-4696-9D5F-F81E3606C39F}.Debug|x86.ActiveCfg = Debug|Win32
		{CE260194-DA99-4696-9D5F-F81E3606C39F}.Debug|x86.Build.0 = Debug|Win32
		{CE260194-DA99-4696-9D5F-F81E3606C39F}.Release|x64.ActiveCfg = Release|x64
		{CE260194-DA99-4696-9D5F-F81E3606C39F}.Release|x64.Build.0 = Release|x64
		{CE260194-DA99-4696-9D5F-F81E3606C39F}.Release|x86.ActiveCfg = Release|Win32
		{CE260194-DA99-4696-9D5F-F81E3606C39F}.Release|x86.Build.0 = Release|Win32
		{F568E66D-CC51-439C-8BD3-CDC1475D3173}.Debug|x64.ActiveCfg = Debug|x64
		{F568E66D-CC51-439C-8BD3-CDC1475D3173}.Debug|x64.Build.0 = Debug|x64
		{F568E66D-CC51-439C-8BD3-CDC1475D3173}.Debug|x86.ActiveCfg = Debug|Win32
		{F568E66D-CC51-439C-8BD3-CDC1475D3173}.Debug|x86.Build.0 = Debug|Win32
		{F568E66D-CC51-439C-8BD3-CDC1475D3173}.Release|x64.ActiveCfg = Release|x64
		{F568E66D-CC51-439C-8BD3-CDC1475D3173}.Release|x64.Build.0 = Release|x64
		{F568E66D-CC51-439C-8BD3-CDC1475D3173}.Release|x86.ActiveCfg = Release|Win32
		{F568E66D-CC51-439C-8BD3-CDC1475D3173}.Release|x86.Build.0 = Release|Win32
		{D71BEE83-5E1B-4B05-92B1-2AF752302C65}.Debug|x64.ActiveCfg = Debug|x64
		{D71BEE83-5E1B-4B05-92B1-2AF752302C65}.Debug|x64.Build.0 = Debug|x64
		{D71BEE83-5E1B-4B05-92B1-2AF752302C65}.Debug|x86.ActiveCfg = Debug|Win32
		{D71BEE83-5E1B-4B05-92B1-2AF752302C65}.Debug|x86.Build.0 = Debug|Win32
		{D71BEE83-5E1B-4B05-92B1-2AF752302C65}.Release|x64.ActiveCfg = Release|x64
		{D71BEE83-5E1B-4B05-92B1-2AF752302C65}.Release|x64.Build.0 = Release|x64
		{D71BEE83-5E1B-4B05-92B1-2AF752302C65}.Release|x86.ActiveCfg = Release|Win32
		{D71BEE83-5E1B-4B05-92B1-2AF752302C65}.Release|x86.Build.0 = Release|Win32
		{56995FF9-2CD3-4AAA-81CA-8CF7F8DF065F}.Debug|x64.ActiveCfg = Debug|x64
		{56995FF9-2CD3-4AAA-81CA-8CF7F8DF065F}.Debug|x64.Build.0 = Debug|x64
		{56995FF9-2CD3-4AAA-81CA-8CF7F8DF065F}.Debug|x86.ActiveCfg = Debug|Win32
		{56995FF9-2CD3-4AAA-81CA-8CF7F8DF065F}.Debug|x86.Build.0 = Debug|Win32
		{56995FF9-2CD3-4AAA-81CA-8CF7F8DF065F}.Release|x64.ActiveCfg = Release|x64
		{56995FF9-2CD3-4AAA-81CA-8CF7F8DF065F}.Release|x64.Build.0 = Release|x64
		{56995FF9-2CD3-4AAA-81CA-8CF7F8DF065F}.Release|x86.ActiveCfg = Release|Win32
		{56995FF9-2CD3-4AAA-81CA-8CF7F8DF065F}.Release|x86.Build.0 = Release|Win32
		{0672D37E-E82A-40AD-845B-78E9193BBC6C}.Debug|x64.ActiveCfg = Debug|x64
		{0672D37E-E82A-40AD-845B-78E9193BBC6C}.Debug|x64.Build.0 = Debug|x64
		{0672D37E-E82A-40AD-845B-78E9193BBC6C}.Debug|x86.ActiveCfg = Debug|Win32
		{0672D37E-E82A-40AD-845B-78E9193BBC6C}.Debug|x86.Build.0 = Debug|Win32
		{0672D37E-E82A-40AD-845B-78E9193BBC6C}.Release|x64.ActiveCfg = Release|x64
		{0672D37E-E82A-40AD-845B-78E9193BBC6C}.Release|x64.Build.0 = Release|x64
		{0672D37E-E82A-40AD-845B-78E9193BBC6C}.Release|x86.ActiveCfg = Release|Win32
		{0672D37E-E82A-40AD-845B-78E9193BBC6C}.Release|x86.Build.0 = Release|Win32
		{7CC13CE2-446C-4031-B821-067549F53B27}.Debug|x64.ActiveCfg = Debug|x64
		{7CC13CE2-446C-4031-B821-067549F53B27}.Debug|x64.Build.0 = Debug|x64
		{7CC13CE2-446C-4031-B821-067549F53B27}.Debug|x86.ActiveCfg = Debug|Win32
		{7CC13CE2-446C-4031-B821-067549F53B27}.Debug|x86.Build.0 = Debug|Win32
		{7CC13CE2-446C-4031-B821-067549F53B27}.Release|x64.ActiveCfg = Release|x64
		{7CC13CE2-446C-4031-B821-067549F53B27}.Release|x64.Build.0 = Release|x64
		{7CC13CE2-446C-4031-B821-067549F53B27}.Release|x86.ActiveCfg = Release|Win32
		{7CC13CE2-446C-4031-B821-067549F53B27}.Release|x86.Build.0 = Release|Win32
		{7D092536-79A1-41A9-ABB7-0BB27A47004C}.Debug|x64.ActiveCfg = Debug|x64
		{7D092536-79A1-41A9-ABB7-0BB27A47004C}.Debug|x64.Build.0 = Debug|x64
		{7D092536-79A1-41A9-ABB7-0BB27A47004C}.Debug|x86.ActiveCfg = Debug|Win32
		{7D092536-79A1-41A9-ABB7-0BB27A47004C}.Debug|x86.Build.0 = Debug|Win32
		{7D092536-79A1-41A9-ABB7-0BB27A47004C}.Release|x64.ActiveCfg = Release|x64
		{7D092536-79A1-41A9-ABB7-0BB27A47004C}.Release|x64.Build.0 = Release|x64
		{7D092536-79A1-41A9-ABB7-0BB27A47004C}.Release|x86.ActiveCfg = Release|Win32
		{7D092536-79A1-41A9-ABB7-0BB27A47004C}.Release|x86.Build.0 = Release|Win32
		{53E31FEE-86FE-4339-8F5F-15661B742442}.Debug|x64.ActiveCfg = Debug|x64
		{53E31FEE-86FE-4339-8F5F-15661B742442}.Debug|x64.Build.0 = Debug|x64
		{53E31FEE-86FE-4339-8F5F-15661B742442}.Debug|x86.ActiveCfg = Debug|Win32
		{53E31FEE-86FE-4339-8F5F-15661B742442}.Debug|x86.Build.0 = Debug|Win32
		{53E31FEE-86FE-4339-8F5F-15661B742442}.Release|x64.ActiveCfg = Release|x64
		{53E31FEE-86FE-4339-8F5F-15661B742442}.Release|x64.Build.0 = Release|x64
		{53E31FEE-86FE-4339-8F5F-15661B742442}.Release|x86.ActiveCfg = Release|Win32
		{53E31FEE-86FE-4339-8F5F-15661B742442}.Release|x86.Build.0 = Release|Win32
		{BFB92FF1-CFD3-41C4-81BD-4A91F7B1EF5C}.Debug|x64.ActiveCfg = Debug|x64
		{BFB92FF1-CFD3-41C4-81BD-4A91F7B1EF5C}.Debug|x64.Build.0 = Debug|x64
		{BFB92FF1-CFD3-41C4-81BD-4A91F7B1EF5C}.Debug|x86.ActiveCfg = Debug|Win32
		{BFB92FF1-CFD3-41C4-81BD-4A91F7B1EF5C}.Debug|x86.Build.0 = Debug|Win32
		{BFB92FF1-CFD3-41C4-81BD-4A91F7B1EF5C}.Release|x64.ActiveCfg = Release|x64
		{BFB92FF1-CFD3-41C4-81BD-4A91F7B1EF5C}.Release|x64.Build.0 = Release|x64
		{BFB92FF1-CFD3-41C4-81BD-4A91F7B1EF5C}.Release|x86.ActiveCfg = Release|Win32
		{BFB92FF1-CFD3-41C4-81BD-4A91F7B1EF5C}.Release|x86.Build.0 = Release|Win32
		{6ED793C9-D8FF-440E-A024-8CFF3A99C32C}.Debug|x64.ActiveCfg = Debug|x64
		{6ED793C9-D8FF-440E-A024-8CFF3A99C32C}.Debug|x64.Build.0 = Debug|x64
		{6ED793C9-D8FF-440E-A024-8CFF3A99C32C}.Debug|x86.ActiveCfg = Debug|Win32
		{6ED793C9-D8FF-440E-A024-8CFF3A99C32C}.Debug|x86.Build.0 = Debug|Win32
		{6ED793C9-D8FF-440E-A024-8CFF3A99C32C}.Release|x64.ActiveCfg = Release|x64
		{6ED793C9-D8FF-440E-A024-8CFF3A99C32C}.Release|x64.Build.0 = Release|x64
		{6ED793C9-D8FF-440E-A024-8CFF3A99C32C}.Release|x86.ActiveCfg = Release|Win32
		{6ED793C9-D8FF-440E-A024-8CFF3A99C32C}.Release|x86.Build.0 = Release|Win32
		{7AE8D71E-B49B-4FD9-AFE5-6F2D770F9D2C}.Debug|x64.ActiveCfg = Debug|x64
		{7AE8D71E-B49B-4FD9-AFE5-6F2D770F9D2C}.Debug|x64.Build.0 = Debug|x64
		{7AE8D71E-B49B-4FD9-AFE5-6F2D770F9D2C}.Debug|x86.ActiveCfg = Debug|Win32
		{7AE8D71E-B49B-4FD9-AFE5-6F2D770F9D2C}.Debug|x86.Build.0 = Debug|Win32
		{7AE8D71E-B49B-4FD9-AFE5-6F2D770F9D2C}.Release|x64.ActiveCfg = Release|x64
		{7AE8D71E-B49B-4FD9-AFE5-6F2D770F9D2C}.Release|x64.Build.0 = Release|x64
		{7AE8D71E-B49B-4FD9-AFE5-6F2D770F9D2C}.Release|x86.ActiveCfg = Release|Win32
		{7AE8D71E-B49B-4FD9-AFE5-6F2D770F9D2C}.Release|x86.Build.0 = Release|Win32
		{CA4FBFA7-5471-4732-A9C3-C848F6B77D71}.Debug|x64.ActiveCfg = Debug|x64
		{CA4FBFA7-5471-4732-A9C3-C848F6B77D71}.Debug|x64.Build.0 = Debug|x64
		{CA4FBFA7-5471-4732-A9C3-C848F6B77D71}.Debug|x86.ActiveCfg = Debug|Win32
		{CA4FBFA7-5471-4732-A9C3-C848F6B77D71}.Debug|x86.Build.0 = Debug|Win32
		{CA4FBFA7-5471-4732-A9C3-C848F6B77D71}.Release|x64.ActiveCfg = Release|x64
		{CA4FBFA7-5471-4732-A9C3-C848F6B77D71}.Release|x64.Build.0 = Release|x64
		{CA4FBFA7-5471-4732-A9C3-C848F6B77D71}.Release|x86.ActiveCfg = Release|Win32
		{CA4FBFA7-5471-4732-A9C3-C848F6B77D71}.Release|x86.Build.0 = Release|Win32
		{7EE58794-F77F-4484-B4D2-E5354B09D35D}.Debug|x64.ActiveCfg = Debug|x64
		{7EE58794-F77F-4484-B4D2-E5354B09D35D}.Debug|x64.Build.0 = Debug|x64
		{7EE58794-F77F-4484-B4D2-E5354B09D35D}.Debug|x86.ActiveCfg = Debug|Win32
		{7EE58794-F77F-4484-B4D2-E5354B09D35D}.Debug|x86.Build.0 = Debug|Win32
		{7EE58794-F77F-4484-B4D2-E5354B09D35D}.Release|x64.ActiveCfg = Release|x64
		{7EE58794-F77F-4484-B4D2-E5354B09D35D}.Release|x64.Build.0 = Release|x64
		{7EE58794-F77F-4484-B4D2-E5354B09D35D}.Release|x86.ActiveCfg = Release|Win32
		{7EE58794-F77F-4484-B4D2-E5354B09D35D}.Release|x86.Build.0 = Release|Win32
		{458472E7-F6D8-4F7F-A33F-DAA4134C2E83}.Debug|x64.ActiveCfg = Debug|x64
		{458472E7-F6D8-4F7F-A33F-DAA4134C2E83}.Debug|x64.Build.0 = Debug|x64
		{458472E7-F6D8-4F7F-A33F-DAA4134C2E83}.Debug|x86.ActiveCfg = Debug|Win32
		{458472E7-F6D8-4F7F-A33F-DAA4134C2E83}.Debug|x86.Build.0 = Debug|Win32
		{458472E7-F6D8-4F7F-A33F-DAA4134C2E83}.Release|x64.ActiveCfg = Release|x64
		{458472E7-F6D8-4F7F-A33F-DAA4134C2E83}.Release|x64.Build.0 = Release|x64
		{458472E7-F6D8-4F7F-A33F-DAA4134C2E83}.Release|x86.ActiveCfg = Release|Win32
		{458472E7-F6D8-4F7F-A33F-DAA4134C2E83}.Release|x86.Build.0 = Release|Win32
		{FD7D1158-52F2-4629-B787-0BBDE7EC5083}.Debug|x64.ActiveCfg = Debug|x64
		{FD7D1158-52F2-4629-B787-0BBDE7EC5083}.Debug|x64.Build.0 = Debug|x64
		{FD7D1158-52F2-4629-B787-0BBDE7EC5083}.Debug|x86.ActiveCfg = Debug|Win32
		{FD7D1158-52F2-4629-B787-0BBDE7EC5083}.Debug|x86.Build.0 = Debug|Win32
		{FD7D1158-52F2-4629-B787-0BBDE7EC5083}.Release|x64.ActiveCfg = Release|x64
		{FD7D1158-52F2-4629-B787-0BBDE7EC5083}.Release|x64.Build.0 = Release|x64
		{FD7D1158-52F2-4629-B787-0BBDE7EC5083}.Release|x86.ActiveCfg = Release|Win32
		{FD7D1158-52F2-4629-B787-0BBDE7EC5083}.Release|x86.Build.0 = Release|Win32
		{70179365-9325-46E1-B420-823C5D080B64}.Debug|x64.ActiveCfg = Debug|x64
		{70179365-9325-46E1-B420-823C5D080B64}.Debug|x64.Build.0 = Debug|x64
		{70179365-9325-46E1-B420-823C5D080B64}.Debug|x86.ActiveCfg = Debug|Win32
		{70179365-9325-46E1-B420-823C5D080B64}.Debug|x86.Build.0 = Debug|Win32
		{70179365-9325-46E1-B420-823C5D080B64}.Release|x64.ActiveCfg = Release|x64
		{70179365-9325-46E1-B420-823C5D080B64}.Release|x64.Build.0 = Release|x64
		{70179365-9325-46E1-B420-823C5D080B64}.Release|x86.ActiveCfg = Release|Win32
		{70179365-9325-46E1-B420-823C5D080B64}.Release|x86.Build.0 = Release|Win32
		{1B96E063-5E8C-4184-B70D-962B0BBC11C0}.Debug|x64.ActiveCfg = Debug|x64
		{1B96E063-5E8C-4184-B70D-962B0BBC11C0}.Debug|x64.Build.0 = Debug|x64
		{1B96E063-5E8C-4184-B70D-962B0BBC11C0}.Debug|x86.ActiveCfg = Debug|Win32
		{1B96E063-5E8C-4184-B70D-962B0BBC11C0}.Debug|x86.Build.0 = Debug|Win32
		{1B96E063-5E8C-4184-B70D-962B0BBC11C0}.Release|x64.ActiveCfg = Release|x64
		{1B96E063-5E8C-4184-B70D-962B0BBC11C0}.Release|x64.Build.0 = Release|x64
		{1B96E063-5E8C-4184-B70D-962B0BBC11C0}.Release|x86.ActiveCfg = Release|Win32
		{1B96E063-5E8C-4184-B70D-962B0BBC11C0}.Release|x86.Build.0 = Release|Win32
		{4DDE66B2-7867-4560-8B13-C3464740C7D1}.Debug|x64.ActiveCfg = Debug|x64
		{4DDE66B2-7867-4560-8B13-C3464740C7D1}.Debug|x64.Build.0 = Debug|x64
		{4DDE66B2-7867-4560-8B13-C3464740C7D1}.Debug|x86.ActiveCfg = Debug|Win32
		{4DDE66B2-7867-4560-8B13-C3464740C7D1}.Debug|x86.Build.0 = Debug|Win32
		{4DDE66B2-7867-4560-8B13-C3464740C7D1}.Release|x64.ActiveCfg = Release|x64
		{4DDE66B2-7867-4560-8B13-C3464740C7D1}.Release|x64.Build.0 = Release|x64
		{4DDE66B2-7867-4560-8B13-C3464740C7D1}.Release|x86.ActiveCfg = Release|Win32
		{4DDE66B2-7867-4560-8B13-C3464740C7D1}.Release|x86.Build.0 = Release|Win32
		{9AC1A583-E002-4843-9B07-85A02D47D2E7}.Debug|x64.ActiveCfg = Debug|x64
		{9AC1A583-E002-4843-9B07-85A02D47D2E7}.Debug|x64.Build.0 = Debug|x64
		{9AC1A583-E002-4843-9B07-85A02D47D2E7}.Debug|x86.ActiveCfg = Debug|Win32
		{9AC1A583-E002-4843-9B07-85A02D47D2E7}.Debug|x86.Build.0 = Debug|Win32
		{9AC1A583-E002-4843-9B07-85A02D47D2E7}.Release|x64.ActiveCfg = Release|x64
		{9AC1A583-E002-4843-9B07-85A02D47D2E7}.Release|x64.Build.0 = Release|x64
		{9AC1A583-E002-4843-9B07-85A02D47D2E7}.Release|x86.ActiveCfg = Release|Win32
		{9AC1A583-E002-4843-9B07-85A02D47D2E7}.Release|x86.Build.0 = Release|Win32
		{F67C8BAF-7FC6-4F94-9B4B-512361530797}.Debug|x64.ActiveCfg = Debug|x64
		{F67C8BAF-7FC6-4F94-9B4B-512361530797}.Debug|x64.Build.0 = Debug|x64
		{F67C8BAF-7FC6-4F94-9B4B-512361530797}.Debug|x86.ActiveCfg = Debug|Win32
		{F67C8BAF-7FC6-4F94-9B4B-512361530797}.Debug|x86.Build.0 = Debug|Win32
		{F67C8BAF-7FC6-4F94-9B4B-512361530797}.Release|x64.ActiveCfg = Release|x64
		{F67C8BAF-7FC6-4F94-9B4B-512361530797}.Release|x64.Build.0 = Release|x64
		{F67C8BAF-7FC6-4F94-9B4B-512361530797}.Release|x86.ActiveCfg = Release|Win32
		{F67C8BAF-7FC6-4F94-9B4B-512361530797}.Release|x86.Build.0 = Release|Win32
		{4D91764E-DD8B-4676-8AA6-754116589924}.Debug|x64.ActiveCfg = Debug|x64
		{4D91764E-DD8B-4676-8AA6-754116589924}.Debug|x64.Build.0 = Debug|x64
		{4D91764E-DD8B-4676-8AA6-754116589924}.Debug|x86.ActiveCfg = Debug|Win32
		{4D91764E-DD8B-4676-8AA6-754116589924}.Debug|x86.Build.0 = Debug|Win32
		{4D91764E-DD8B-4676-8AA6-754116589924}.Release|x64.ActiveCfg = Release|x64
		{4D91764E-DD8B-4676-8AA6-754116589924}.Release|x64.Build.0 = Release|x64
		{4D91764E-DD8B-4676-8AA6-754116589924}.Release|x86.ActiveCfg = Release|Win32
		{4D91764E-DD8B-4676-8AA6-754116589924}.Release|x86.Build.0 = Release|Win32
		{0E2005AE-AC57-4D8F-9D16-C86BCA1D3127}.Debug|x64.ActiveCfg = Debug|x64
		{0E2005AE-AC57-4D8F-9D16-C86BCA1D3127}.Debug|x64.Build.0 = Debug|x64
		{0E2005AE-AC57-4D8F-9D16-C86BCA1D3127}.Debug|x86.ActiveCfg = Debug|Win32
		{0E2005AE-AC57-4D8F-9D16-C86BCA1D3127}.Debug|x86.Build.0 = Debug|Win32
		{0E2005AE-AC57-4D8F-9D16-C86BCA1D3127}.Release|x64.ActiveCfg = Release|x64
		{0E2005AE-AC57-4D8F-9D16-C86BCA1D3127}.Release|x64.Build.0 = Release|x64
		{0E2005AE-AC57-4D8F-9D16-C86BCA1D3127}.Release|x86.ActiveCfg = Release|Win32
		{0E2005AE-AC57-4D8F-9D16-C86BCA1D3127}.Release|x86.Build.0 = Release|Win32
		{78C18C33-BD69-497D-8B59-C63F2DCF0F4E}.Debug|x64.ActiveCfg = Debug|x64
		{78C18C33-BD69-497D-8B59-C63F2DCF0F4E}.Debug|x64.Build.0 = Debug|x64
		{78C18C33-BD69-497D-8B59-C63F2DCF0F4E}.Debug|x86.ActiveCfg = Debug|Win32
		{78C18C33-BD69-497D-8B59-C63F2DCF0F4E}.Debug|x86.Build.0 = Debug|Win32
		{78C18C33-BD69-497D-8B59-C63F2DCF0F4E}.Release|x64.ActiveCfg = Release|x64
		{78C18C33-BD69-497D-8B59-C63F2DCF0F4E}.Release|x64.Build.0 = Release|x64
		{78C18C33-BD69-497D-8B59-C63F2DCF0F4E}.Release|x86.ActiveCfg = Release|Win32
		{78C18C33-BD69-497D-8B59-C63F2DCF0F4E}.Release|x86.Build.0 = Release|Win32
		{7A3FA5D6-ABB3-43DB-8A35-B247DDA86596}.Debug|x64.ActiveCfg = Debug|x64
		{7A3FA5D6-ABB3-43DB-8A35-B247DDA86596}.Debug|x64.Build.0 = Debug|x64
		{7A3FA5D6-ABB3-43DB-8A35-B247DDA86596}.Debug|x86.ActiveCfg = Debug|Win32
		{7A3FA5D6-ABB3-43DB-8A35-B247DDA86596}.Debug|x86.Build.0 = Debug|Win32
		{7A3FA5D6-ABB3-43DB-8A35-B247DDA86596}.Release|x64.ActiveCfg = Release|x64
		{7A3FA5D6-ABB3-43DB-8A35-B247DDA86596}.Release|x64.Build.0 = Release|x64
		{7A3FA5D6-ABB3-43DB-8A35-B247DDA86596}.Release|x86.ActiveCfg = Release|Win32
		{7A3FA5D6-ABB3-43DB-8A35-B247DDA86596}.Release|x86.Build.0 = Release|Win32
		{AADF8049-40E5-461D-AAD0-4482A6A81D67}.Debug|x64.ActiveCfg = Debug|x64
		{AADF8049-40E5-461D-AAD0-4482A6A81D67}.Debug|x64.Build.0 = Debug|x64
		{AADF8049-40E5-461D-AAD0-4482A6A81D67}.Debug|x86.ActiveCfg = Debug|Win32
		{AADF8049-40E5-461D-AAD0-4482A6A81D67}.Debug|x86.Build.0 = Debug|Win32
		{AADF8049-40E5-461D-AAD0-4482A6A81D67}.Release|x64.ActiveCfg = Release|x64
		{AADF8049-40E5-461D-AAD0-4482A6A81D67}.Release|x64.Build.0 = Release|x64
		{AADF8049-40E5-461D-AAD0-4482A6A81D67}.Release|x86.ActiveCfg = Release|Win32
		{AADF8049-40E5-461D-AAD0-4482A6A81D67}.Release|x86.Build.0 = Release|Win32
		{BB7042FF-9E3F-4239-96FE-D077E6F5352F}.Debug|x64.ActiveCfg = Debug|x64
		{BB7042FF-9E3F-4239-96FE-D077E6F5352F}.Debug|x64.Build.0 = Debug|x64
		{BB7042FF-9E3F-4239-96FE-D077E6F5352F}.Debug|x86.ActiveCfg = Debug|Win32
		{BB7042FF-9E3F-4239-96FE-D077E6F5352F}.Debug|x86.Build.0 = Debug|Win32
		{BB7042FF-9E3F-4239-96FE-D077E6F5352F}.Release|x64.ActiveCfg = Release|x64
		{BB7042FF-9E3F-4239-96FE-D077E6F5352F}.Release|x64.Build.0 = Release|x64
		{BB7042FF-9E3F-4239-96FE-D077E6F5352F}.Release|x86.ActiveCfg = Release|Win32
		{BB7042FF-9E3F-4239-96FE-D077E6F5352F}.Release|x86.Build.0 = Release|Win32
	EndGlobalSection
	GlobalSection(SolutionProperties) = preSolution
		HideSolutionNode = FALSE
	EndGlobalSection
	GlobalSection(ExtensibilityGlobals) = postSolution
		SolutionGuid = {20F80776-1749-4D71-A8F9-3A7F4C578A34}
	EndGlobalSection
EndGlobal
