
Microsoft Visual Studio Solution File, Format Version 12.00
# Visual Studio Version 17
VisualStudioVersion = 17.8.34330.188
MinimumVisualStudioVersion = 10.0.40219.1
Project("{8BC9CEB8-8B4A-11D0-8D11-00A0C91BC942}") = "example_1", "example_1\example_1.vcxproj", "{EB687AD2-A2F8-4663-8EE3-5D7875F0F686}"
EndProject
Project("{8BC9CEB8-8B4A-11D0-8D11-00A0C91BC942}") = "example_2-1", "example_2-1\example_2-1.vcxproj", "{9B1FC112-72EE-49A2-9034-A97378364F63}"
EndProject
Project("{8BC9CEB8-8B4A-11D0-8D11-00A0C91BC942}") = "example_3-1", "example_3-1\example_3-1.vcxproj", "{1383F6CD-3FB3-44D3-9B78-571C722DCD6A}"
EndProject
Project("{8BC9CEB8-8B4A-11D0-8D11-00A0C91BC942}") = "example_4-01", "example_4-1\example_4-1.vcxproj", "{F26F0A30-46CA-4E1E-B88F-432F6EA88FFF}"
EndProject
Project("{8BC9CEB8-8B4A-11D0-8D11-00A0C91BC942}") = "example_4-02", "example_4-2\example_4-2.vcxproj", "{75394DE4-C36F-4347-A0CF-B198663C66FB}"
EndProject
Project("{8BC9CEB8-8B4A-11D0-8D11-00A0C91BC942}") = "example_4-03", "example_4-3\example_4-3.vcxproj", "{623276CA-E709-4E30-A6B6-905E2AD201AD}"
EndProject
Project("{8BC9CEB8-8B4A-11D0-8D11-00A0C91BC942}") = "example_4-04", "example_4-4\example_4-4.vcxproj", "{2E508E8B-A18E-4DB2-9547-0E9C0AC19DFA}"
EndProject
Project("{8BC9CEB8-8B4A-11D0-8D11-00A0C91BC942}") = "example_4-05", "example_4-5\example_4-5.vcxproj", "{907AFB5F-A9F3-4BFB-9026-7F3523B79198}"
EndProject
Project("{8BC9CEB8-8B4A-11D0-8D11-00A0C91BC942}") = "example_4-06", "example_4-6\example_4-6.vcxproj", "{B7EA212F-1AA9-4ED7-AEC9-E6BBA397BB3D}"
EndProject
Project("{8BC9CEB8-8B4A-11D0-8D11-00A0C91BC942}") = "example_4-07", "example_4-7\example_4-7.vcxproj", "{D441634D-A820-4264-84E5-90C2D81AE73A}"
EndProject
Project("{8BC9CEB8-8B4A-11D0-8D11-00A0C91BC942}") = "example_4-08", "example_4-8\example_4-8.vcxproj", "{E955B605-CA9A-43FF-9AC6-7D8F4873FF30}"
EndProject
Project("{8BC9CEB8-8B4A-11D0-8D11-00A0C91BC942}") = "example_4-09", "example_4-9\example_4-9.vcxproj", "{B195B98D-2C49-475E-9647-A1F7EED42774}"
EndProject
Project("{8BC9CEB8-8B4A-11D0-8D11-00A0C91BC942}") = "example_4-10", "example_4-10\example_4-10.vcxproj", "{BFAC0700-EFF8-42F1-A02D-753C66B18C83}"
EndProject
Project("{8BC9CEB8-8B4A-11D0-8D11-00A0C91BC942}") = "example_4-11", "example_4-11\example_4-11.vcxproj", "{38933AB5-D031-4EB0-92BB-69B4D9A12379}"
EndProject
Global
	GlobalSection(SolutionConfigurationPlatforms) = preSolution
		Debug|x64 = Debug|x64
		Debug|x86 = Debug|x86
		Release|x64 = Release|x64
		Release|x86 = Release|x86
	EndGlobalSection
	GlobalSection(ProjectConfigurationPlatforms) = postSolution
		{EB687AD2-A2F8-4663-8EE3-5D7875F0F686}.Debug|x64.ActiveCfg = Debug|x64
		{EB687AD2-A2F8-4663-8EE3-5D7875F0F686}.Debug|x64.Build.0 = Debug|x64
		{EB687AD2-A2F8-4663-8EE3-5D7875F0F686}.Debug|x86.ActiveCfg = Debug|Win32
		{EB687AD2-A2F8-4663-8EE3-5D7875F0F686}.Debug|x86.Build.0 = Debug|Win32
		{EB687AD2-A2F8-4663-8EE3-5D7875F0F686}.Release|x64.ActiveCfg = Release|x64
		{EB687AD2-A2F8-4663-8EE3-5D7875F0F686}.Release|x64.Build.0 = Release|x64
		{EB687AD2-A2F8-4663-8EE3-5D7875F0F686}.Release|x86.ActiveCfg = Release|Win32
		{EB687AD2-A2F8-4663-8EE3-5D7875F0F686}.Release|x86.Build.0 = Release|Win32
		{9B1FC112-72EE-49A2-9034-A97378364F63}.Debug|x64.ActiveCfg = Debug|x64
		{9B1FC112-72EE-49A2-9034-A97378364F63}.Debug|x64.Build.0 = Debug|x64
		{9B1FC112-72EE-49A2-9034-A97378364F63}.Debug|x86.ActiveCfg = Debug|Win32
		{9B1FC112-72EE-49A2-9034-A97378364F63}.Debug|x86.Build.0 = Debug|Win32
		{9B1FC112-72EE-49A2-9034-A97378364F63}.Release|x64.ActiveCfg = Release|x64
		{9B1FC112-72EE-49A2-9034-A97378364F63}.Release|x64.Build.0 = Release|x64
		{9B1FC112-72EE-49A2-9034-A97378364F63}.Release|x86.ActiveCfg = Release|Win32
		{9B1FC112-72EE-49A2-9034-A97378364F63}.Release|x86.Build.0 = Release|Win32
		{1383F6CD-3FB3-44D3-9B78-571C722DCD6A}.Debug|x64.ActiveCfg = Debug|x64
		{1383F6CD-3FB3-44D3-9B78-571C722DCD6A}.Debug|x64.Build.0 = Debug|x64
		{1383F6CD-3FB3-44D3-9B78-571C722DCD6A}.Debug|x86.ActiveCfg = Debug|Win32
		{1383F6CD-3FB3-44D3-9B78-571C722DCD6A}.Debug|x86.Build.0 = Debug|Win32
		{1383F6CD-3FB3-44D3-9B78-571C722DCD6A}.Release|x64.ActiveCfg = Release|x64
		{1383F6CD-3FB3-44D3-9B78-571C722DCD6A}.Release|x64.Build.0 = Release|x64
		{1383F6CD-3FB3-44D3-9B78-571C722DCD6A}.Release|x86.ActiveCfg = Release|Win32
		{1383F6CD-3FB3-44D3-9B78-571C722DCD6A}.Release|x86.Build.0 = Release|Win32
		{F26F0A30-46CA-4E1E-B88F-432F6EA88FFF}.Debug|x64.ActiveCfg = Debug|x64
		{F26F0A30-46CA-4E1E-B88F-432F6EA88FFF}.Debug|x64.Build.0 = Debug|x64
		{F26F0A30-46CA-4E1E-B88F-432F6EA88FFF}.Debug|x86.ActiveCfg = Debug|Win32
		{F26F0A30-46CA-4E1E-B88F-432F6EA88FFF}.Debug|x86.Build.0 = Debug|Win32
		{F26F0A30-46CA-4E1E-B88F-432F6EA88FFF}.Release|x64.ActiveCfg = Release|x64
		{F26F0A30-46CA-4E1E-B88F-432F6EA88FFF}.Release|x64.Build.0 = Release|x64
		{F26F0A30-46CA-4E1E-B88F-432F6EA88FFF}.Release|x86.ActiveCfg = Release|Win32
		{F26F0A30-46CA-4E1E-B88F-432F6EA88FFF}.Release|x86.Build.0 = Release|Win32
		{75394DE4-C36F-4347-A0CF-B198663C66FB}.Debug|x64.ActiveCfg = Debug|x64
		{75394DE4-C36F-4347-A0CF-B198663C66FB}.Debug|x64.Build.0 = Debug|x64
		{75394DE4-C36F-4347-A0CF-B198663C66FB}.Debug|x86.ActiveCfg = Debug|Win32
		{75394DE4-C36F-4347-A0CF-B198663C66FB}.Debug|x86.Build.0 = Debug|Win32
		{75394DE4-C36F-4347-A0CF-B198663C66FB}.Release|x64.ActiveCfg = Release|x64
		{75394DE4-C36F-4347-A0CF-B198663C66FB}.Release|x64.Build.0 = Release|x64
		{75394DE4-C36F-4347-A0CF-B198663C66FB}.Release|x86.ActiveCfg = Release|Win32
		{75394DE4-C36F-4347-A0CF-B198663C66FB}.Release|x86.Build.0 = Release|Win32
		{623276CA-E709-4E30-A6B6-905E2AD201AD}.Debug|x64.ActiveCfg = Debug|x64
		{623276CA-E709-4E30-A6B6-905E2AD201AD}.Debug|x64.Build.0 = Debug|x64
		{623276CA-E709-4E30-A6B6-905E2AD201AD}.Debug|x86.ActiveCfg = Debug|Win32
		{623276CA-E709-4E30-A6B6-905E2AD201AD}.Debug|x86.Build.0 = Debug|Win32
		{623276CA-E709-4E30-A6B6-905E2AD201AD}.Release|x64.ActiveCfg = Release|x64
		{623276CA-E709-4E30-A6B6-905E2AD201AD}.Release|x64.Build.0 = Release|x64
		{623276CA-E709-4E30-A6B6-905E2AD201AD}.Release|x86.ActiveCfg = Release|Win32
		{623276CA-E709-4E30-A6B6-905E2AD201AD}.Release|x86.Build.0 = Release|Win32
		{2E508E8B-A18E-4DB2-9547-0E9C0AC19DFA}.Debug|x64.ActiveCfg = Debug|x64
		{2E508E8B-A18E-4DB2-9547-0E9C0AC19DFA}.Debug|x64.Build.0 = Debug|x64
		{2E508E8B-A18E-4DB2-9547-0E9C0AC19DFA}.Debug|x86.ActiveCfg = Debug|Win32
		{2E508E8B-A18E-4DB2-9547-0E9C0AC19DFA}.Debug|x86.Build.0 = Debug|Win32
		{2E508E8B-A18E-4DB2-9547-0E9C0AC19DFA}.Release|x64.ActiveCfg = Release|x64
		{2E508E8B-A18E-4DB2-9547-0E9C0AC19DFA}.Release|x64.Build.0 = Release|x64
		{2E508E8B-A18E-4DB2-9547-0E9C0AC19DFA}.Release|x86.ActiveCfg = Release|Win32
		{2E508E8B-A18E-4DB2-9547-0E9C0AC19DFA}.Release|x86.Build.0 = Release|Win32
		{907AFB5F-A9F3-4BFB-9026-7F3523B79198}.Debug|x64.ActiveCfg = Debug|x64
		{907AFB5F-A9F3-4BFB-9026-7F3523B79198}.Debug|x64.Build.0 = Debug|x64
		{907AFB5F-A9F3-4BFB-9026-7F3523B79198}.Debug|x86.ActiveCfg = Debug|Win32
		{907AFB5F-A9F3-4BFB-9026-7F3523B79198}.Debug|x86.Build.0 = Debug|Win32
		{907AFB5F-A9F3-4BFB-9026-7F3523B79198}.Release|x64.ActiveCfg = Release|x64
		{907AFB5F-A9F3-4BFB-9026-7F3523B79198}.Release|x64.Build.0 = Release|x64
		{907AFB5F-A9F3-4BFB-9026-7F3523B79198}.Release|x86.ActiveCfg = Release|Win32
		{907AFB5F-A9F3-4BFB-9026-7F3523B79198}.Release|x86.Build.0 = Release|Win32
		{B7EA212F-1AA9-4ED7-AEC9-E6BBA397BB3D}.Debug|x64.ActiveCfg = Debug|x64
		{B7EA212F-1AA9-4ED7-AEC9-E6BBA397BB3D}.Debug|x64.Build.0 = Debug|x64
		{B7EA212F-1AA9-4ED7-AEC9-E6BBA397BB3D}.Debug|x86.ActiveCfg = Debug|Win32
		{B7EA212F-1AA9-4ED7-AEC9-E6BBA397BB3D}.Debug|x86.Build.0 = Debug|Win32
		{B7EA212F-1AA9-4ED7-AEC9-E6BBA397BB3D}.Release|x64.ActiveCfg = Release|x64
		{B7EA212F-1AA9-4ED7-AEC9-E6BBA397BB3D}.Release|x64.Build.0 = Release|x64
		{B7EA212F-1AA9-4ED7-AEC9-E6BBA397BB3D}.Release|x86.ActiveCfg = Release|Win32
		{B7EA212F-1AA9-4ED7-AEC9-E6BBA397BB3D}.Release|x86.Build.0 = Release|Win32
		{D441634D-A820-4264-84E5-90C2D81AE73A}.Debug|x64.ActiveCfg = Debug|x64
		{D441634D-A820-4264-84E5-90C2D81AE73A}.Debug|x64.Build.0 = Debug|x64
		{D441634D-A820-4264-84E5-90C2D81AE73A}.Debug|x86.ActiveCfg = Debug|Win32
		{D441634D-A820-4264-84E5-90C2D81AE73A}.Debug|x86.Build.0 = Debug|Win32
		{D441634D-A820-4264-84E5-90C2D81AE73A}.Release|x64.ActiveCfg = Release|x64
		{D441634D-A820-4264-84E5-90C2D81AE73A}.Release|x64.Build.0 = Release|x64
		{D441634D-A820-4264-84E5-90C2D81AE73A}.Release|x86.ActiveCfg = Release|Win32
		{D441634D-A820-4264-84E5-90C2D81AE73A}.Release|x86.Build.0 = Release|Win32
		{E955B605-CA9A-43FF-9AC6-7D8F4873FF30}.Debug|x64.ActiveCfg = Debug|x64
		{E955B605-CA9A-43FF-9AC6-7D8F4873FF30}.Debug|x64.Build.0 = Debug|x64
		{E955B605-CA9A-43FF-9AC6-7D8F4873FF30}.Debug|x86.ActiveCfg = Debug|Win32
		{E955B605-CA9A-43FF-9AC6-7D8F4873FF30}.Debug|x86.Build.0 = Debug|Win32
		{E955B605-CA9A-43FF-9AC6-7D8F4873FF30}.Release|x64.ActiveCfg = Release|x64
		{E955B605-CA9A-43FF-9AC6-7D8F4873FF30}.Release|x64.Build.0 = Release|x64
		{E955B605-CA9A-43FF-9AC6-7D8F4873FF30}.Release|x86.ActiveCfg = Release|Win32
		{E955B605-CA9A-43FF-9AC6-7D8F4873FF30}.Release|x86.Build.0 = Release|Win32
		{B195B98D-2C49-475E-9647-A1F7EED42774}.Debug|x64.ActiveCfg = Debug|x64
		{B195B98D-2C49-475E-9647-A1F7EED42774}.Debug|x64.Build.0 = Debug|x64
		{B195B98D-2C49-475E-9647-A1F7EED42774}.Debug|x86.ActiveCfg = Debug|Win32
		{B195B98D-2C49-475E-9647-A1F7EED42774}.Debug|x86.Build.0 = Debug|Win32
		{B195B98D-2C49-475E-9647-A1F7EED42774}.Release|x64.ActiveCfg = Release|x64
		{B195B98D-2C49-475E-9647-A1F7EED42774}.Release|x64.Build.0 = Release|x64
		{B195B98D-2C49-475E-9647-A1F7EED42774}.Release|x86.ActiveCfg = Release|Win32
		{B195B98D-2C49-475E-9647-A1F7EED42774}.Release|x86.Build.0 = Release|Win32
		{BFAC0700-EFF8-42F1-A02D-753C66B18C83}.Debug|x64.ActiveCfg = Debug|x64
		{BFAC0700-EFF8-42F1-A02D-753C66B18C83}.Debug|x64.Build.0 = Debug|x64
		{BFAC0700-EFF8-42F1-A02D-753C66B18C83}.Debug|x86.ActiveCfg = Debug|Win32
		{BFAC0700-EFF8-42F1-A02D-753C66B18C83}.Debug|x86.Build.0 = Debug|Win32
		{BFAC0700-EFF8-42F1-A02D-753C66B18C83}.Release|x64.ActiveCfg = Release|x64
		{BFAC0700-EFF8-42F1-A02D-753C66B18C83}.Release|x64.Build.0 = Release|x64
		{BFAC0700-EFF8-42F1-A02D-753C66B18C83}.Release|x86.ActiveCfg = Release|Win32
		{BFAC0700-EFF8-42F1-A02D-753C66B18C83}.Release|x86.Build.0 = Release|Win32
		{38933AB5-D031-4EB0-92BB-69B4D9A12379}.Debug|x64.ActiveCfg = Debug|x64
		{38933AB5-D031-4EB0-92BB-69B4D9A12379}.Debug|x64.Build.0 = Debug|x64
		{38933AB5-D031-4EB0-92BB-69B4D9A12379}.Debug|x86.ActiveCfg = Debug|Win32
		{38933AB5-D031-4EB0-92BB-69B4D9A12379}.Debug|x86.Build.0 = Debug|Win32
		{38933AB5-D031-4EB0-92BB-69B4D9A12379}.Release|x64.ActiveCfg = Release|x64
		{38933AB5-D031-4EB0-92BB-69B4D9A12379}.Release|x64.Build.0 = Release|x64
		{38933AB5-D031-4EB0-92BB-69B4D9A12379}.Release|x86.ActiveCfg = Release|Win32
		{38933AB5-D031-4EB0-92BB-69B4D9A12379}.Release|x86.Build.0 = Release|Win32
	EndGlobalSection
	GlobalSection(SolutionProperties) = preSolution
		HideSolutionNode = FALSE
	EndGlobalSection
	GlobalSection(ExtensibilityGlobals) = postSolution
		SolutionGuid = {20F80776-1749-4D71-A8F9-3A7F4C578A34}
	EndGlobalSection
EndGlobal
